GEM
  remote: https://rubygems.org/
  specs:
    ast (2.4.3)
    awesome_print (1.9.2)
    backport (1.2.0)
    base64 (0.3.0)
    benchmark (0.5.0)
    bigdecimal (4.1.2)
    bond (0.5.1)
    bson (5.2.0)
    byebug (13.0.0)
      reline (>= 0.6.0)
    childprocess (5.1.0)
      logger (~> 1.5)
    clipboard (2.0.0)
    coderay (1.1.3)
    colorize (1.1.0)
    commander (5.0.0)
      highline (~> 3.0.0)
    concurrent-ruby (1.3.7)
    concurrent-ruby-ext (1.3.7)
      concurrent-ruby (= 1.3.7)
    diff-lcs (1.6.2)
    docile (1.4.1)
    ffi (1.17.4-x64-mingw-ucrt)
    fiddle (1.1.8)
    highline (3.0.1)
    hirb (0.7.3)
    io-console (0.8.2)
    jaro_winkler (1.7.0)
    json (2.20.0)
    kramdown (2.5.2)
      rexml (>= 3.4.4)
    kramdown-parser-gfm (1.1.0)
      kramdown (~> 2.0)
    language_server-protocol (3.17.0.5)
    lint_roller (1.1.0)
    logger (1.7.0)
    looksee (5.1.0)
    method_source (1.1.0)
    mongo (2.23.1)
      base64
      bson (>= 4.14.1, < 6.0.0)
    nio4r (2.7.5)
    nokogiri (1.19.4-x64-mingw-ucrt)
      racc (~> 1.4)
    observer (0.1.2)
    oj (3.17.3)
      bigdecimal (>= 3.0)
      ostruct (>= 0.2)
    open3 (0.2.1)
    ostruct (0.6.3)
    parallel (2.1.0)
    parlour (9.1.2)
      commander (~> 5.0)
      parser
      rainbow (~> 3.0)
      sorbet-runtime (>= 0.5)
    parser (3.3.11.1)
      ast (~> 2.4.1)
      racc
    prism (1.9.0)
    pry (0.16.0)
      coderay (~> 1.1)
      method_source (~> 1.0)
      reline (>= 0.6.0)
    pry-bond (0.0.1)
      bond (~> 0.5)
      rb-readline (~> 0.5)
    pry-byebug (3.12.0)
      byebug (~> 13.0)
      pry (>= 0.13, < 0.17)
    pry-clipboard (0.1.1)
      clipboard
      pry
    puma (8.0.2)
      nio4r (~> 2.0)
    racc (1.8.1)
    rack (3.2.6)
    rack-test (2.2.0)
      rack (>= 1.3)
    rainbow (3.1.1)
    rake (13.4.2)
    rb-readline (0.5.5)
    rbs (4.0.3)
      logger
      prism (>= 1.6.0)
      tsort
    regexp_parser (2.12.0)
    reline (0.6.3)
      io-console (~> 0.5)
    reverse_markdown (3.0.2)
      nokogiri
    rexml (3.4.4)
    roda (3.105.0)
      rack
    rspec (3.13.2)
      rspec-core (~> 3.13.0)
      rspec-expectations (~> 3.13.0)
      rspec-mocks (~> 3.13.0)
    rspec-core (3.13.6)
      rspec-support (~> 3.13.0)
    rspec-expectations (3.13.5)
      diff-lcs (>= 1.2.0, < 2.0)
      rspec-support (~> 3.13.0)
    rspec-mocks (3.13.8)
      diff-lcs (>= 1.2.0, < 2.0)
      rspec-support (~> 3.13.0)
    rspec-support (3.13.7)
    rubocop (1.88.1)
      json (~> 2.3)
      language_server-protocol (~> 3.17.0.2)
      lint_roller (~> 1.1.0)
      parallel (>= 1.10)
      parser (>= 3.3.0.2)
      rainbow (>= 2.2.2, < 4.0)
      regexp_parser (>= 2.9.3, < 3.0)
      rubocop-ast (>= 1.49.0, < 2.0)
      ruby-progressbar (~> 1.7)
      unicode-display_width (>= 2.4.0, < 4.0)
    rubocop-ast (1.49.1)
      parser (>= 3.3.7.2)
      prism (~> 1.7)
    rubocop-performance (1.26.1)
      lint_roller (~> 1.1)
      rubocop (>= 1.75.0, < 2.0)
      rubocop-ast (>= 1.47.1, < 2.0)
    ruby-progressbar (1.13.0)
    ruby-time_range (0.1.0)
    rufo (0.18.2)
    settingslogic (2.0.9)
    simplecov (0.22.0)
      docile (~> 1.1)
      simplecov-html (~> 0.11)
      simplecov_json_formatter (~> 0.1)
    simplecov-html (0.13.2)
    simplecov_json_formatter (0.1.4)
    solargraph (0.60.1)
      ast (~> 2.4.3)
      backport (~> 1.2)
      benchmark (~> 0.4)
      bundler (>= 2.0)
      diff-lcs (~> 1.4)
      jaro_winkler (~> 1.6, >= 1.6.1)
      kramdown (~> 2.3)
      kramdown-parser-gfm (~> 1.1)
      logger (~> 1.6)
      observer (~> 0.1)
      open3 (~> 0.2.1)
      ostruct (~> 0.6)
      parser (~> 3.0)
      prism (~> 1.4)
      rbs (>= 3.10.0)
      reverse_markdown (~> 3.0)
      rubocop (~> 1.76)
      sord (~> 7.0)
      thor (~> 1.0)
      tilt (~> 2.0)
      yard (~> 0.9, >= 0.9.24)
      yard-activesupport-concern (~> 0.0)
      yard-solargraph (~> 0.1)
    sorbet-runtime (0.6.13310)
    sord (7.1.0)
      commander (~> 5.0)
      parlour (~> 9.1)
      parser
      rbs (>= 3.0, < 5)
      sorbet-runtime
      yard
    thor (1.5.0)
    tilt (2.7.0)
    tsort (0.2.0)
    tzinfo (2.0.6)
      concurrent-ruby (~> 1.0)
    tzinfo-data (1.2026.2)
      tzinfo (>= 1.0.0)
    unicode-display_width (3.2.0)
      unicode-emoji (~> 4.1)
    unicode-emoji (4.2.0)
    yard (0.9.44)
    yard-activesupport-concern (0.0.1)
      yard (>= 0.8)
    yard-solargraph (0.1.0)
      yard (~> 0.9)

PLATFORMS
  x64-mingw-ucrt

DEPENDENCIES
  awesome_print (~> 1.9.2)
  byebug (~> 13.0)
  childprocess (~> 5.1.0)
  colorize (~> 1.1.0)
  concurrent-ruby-ext (~> 1.3.7)
  ffi (~> 1.17)
  fiddle (~> 1.1)
  hirb (~> 0.7.3)
  logger (~> 1.7)
  looksee (~> 5.1.0)
  mongo (~> 2.23.1)
  oj (~> 3.17.3)
  parallel (~> 2.1.0)
  pry (~> 0.16.0)
  pry-bond (~> 0.0.1)
  pry-byebug (~> 3.12.0)
  pry-clipboard (~> 0.1.1)
  puma (~> 8.0.2)
  rack (~> 3.2.6)
  rack-test
  rake (~> 13.4.2)
  roda (~> 3.105.0)
  rspec (~> 3.13)
  rubocop (~> 1.88)
  rubocop-performance (~> 1.26)
  ruby-time_range
  rufo (~> 0.18)
  settingslogic (~> 2.0.9)
  simplecov
  solargraph (~> 0.60.1)
  tzinfo (~> 2.0)
  tzinfo-data (~> 1.2026.2)

CHECKSUMS
  ast (2.4.3) sha256=954615157c1d6a382bc27d690d973195e79db7f55e9765ac7c481c60bdb4d383
  awesome_print (1.9.2) sha256=e99b32b704acff16d768b3468680793ced40bfdc4537eb07e06a4be11133786e
  backport (1.2.0)
  base64 (0.3.0) sha256=27337aeabad6ffae05c265c450490628ef3ebd4b67be58257393227588f5a97b
  benchmark (0.5.0)
  bigdecimal (4.1.2) sha256=53d217666027eab4280346fba98e7d5b66baaae1b9c3c1c0ffe89d48188a3fbd
  bond (0.5.1) sha256=20710d17b16609b0dfbde9d828964b5eadb565513dbb68fb13d44f4d988b29e4
  bson (5.2.0) sha256=c468c1e8a3cfa1e80531cc519a890f85586986721d8e305f83465cc36bb82608
  byebug (13.0.0) sha256=d2263efe751941ca520fa29744b71972d39cbc41839496706f5d9b22e92ae05d
  childprocess (5.1.0) sha256=9a8d484be2fd4096a0e90a0cd3e449a05bc3aa33f8ac9e4d6dcef6ac1455b6ec
  clipboard (2.0.0) sha256=88d048fd2097506451c382d3ecf3acd9cdf24f581d8119437e55c1efc04e01c8
  coderay (1.1.3) sha256=dc530018a4684512f8f38143cd2a096c9f02a1fc2459edcfe534787a7fc77d4b
  colorize (1.1.0) sha256=30b5237f0603f6662ab8d1fc2bd4a96142b806c6415d79e45ef5fdc6a0cfc837
  commander (5.0.0)
  concurrent-ruby (1.3.7) sha256=4412caec3a5ea2e5fdc52076724c071a81f2c0593d83b2ac8cbb8ca63b3151b0
  concurrent-ruby-ext (1.3.7) sha256=78d118bac6985f939636b2d27adecfdac0fa880a4acb8c12b76d16c2bb3e21f6
  diff-lcs (1.6.2) sha256=9ae0d2cba7d4df3075fe8cd8602a8604993efc0dfa934cff568969efb1909962
  docile (1.4.1) sha256=96159be799bfa73cdb721b840e9802126e4e03dfc26863db73647204c727f21e
  ffi (1.17.4-x64-mingw-ucrt) sha256=f6ff9618cfccc494138bddade27aa06c74c6c7bc367a1ea1103d80c2fcb9ed35
  fiddle (1.1.8) sha256=7fa8ee3627271497f3add5503acdbc3f40b32f610fc1cf49634f083ef3f32eee
  highline (3.0.1)
  hirb (0.7.3) sha256=5132733ca44b1f41f36c624693a3201284368a349dfe37f543ae6e2ad880ec57
  io-console (0.8.2) sha256=d6e3ae7a7cc7574f4b8893b4fca2162e57a825b223a177b7afa236c5ef9814cc
  jaro_winkler (1.7.0)
  json (2.20.0) sha256=9362bc6e55a952b056abf9167cf053358181c904cb70cd6eee0808ea830fc32b
  kramdown (2.5.2)
  kramdown-parser-gfm (1.1.0)
  language_server-protocol (3.17.0.5) sha256=fd1e39a51a28bf3eec959379985a72e296e9f9acfce46f6a79d31ca8760803cc
  lint_roller (1.1.0) sha256=2c0c845b632a7d172cb849cc90c1bce937a28c5c8ccccb50dfd46a485003cc87
  logger (1.7.0) sha256=196edec7cc44b66cfb40f9755ce11b392f21f7967696af15d274dde7edff0203
  looksee (5.1.0) sha256=9498fd11ffc959d7780ee8928ccd6a9c2b7451593c480e4e0dc12b41c140b7b6
  method_source (1.1.0) sha256=181301c9c45b731b4769bc81e8860e72f9161ad7d66dd99103c9ab84f560f5c5
  mongo (2.23.1) sha256=da24d5546ccf672c2316bc7e350e7dc4b533081229e22305348412ead8853040
  nio4r (2.7.5) sha256=6c90168e48fb5f8e768419c93abb94ba2b892a1d0602cb06eef16d8b7df1dca1
  nokogiri (1.19.4-x64-mingw-ucrt)
  observer (0.1.2)
  oj (3.17.3) sha256=ebe3967b0bb7ac4f206561d0d9ac8875b9973f778600d7b61b5c355662a707ed
  open3 (0.2.1)
  ostruct (0.6.3) sha256=95a2ed4a4bd1d190784e666b47b2d3f078e4a9efda2fccf18f84ddc6538ed912
  parallel (2.1.0) sha256=b35258865c2e31134c5ecb708beaaf6772adf9d5efae28e93e99260877b09356
  parlour (9.1.2)
  parser (3.3.11.1) sha256=d17ace7aabe3e72c3cc94043714be27cc6f852f104d81aa284c2281aecc65d54
  prism (1.9.0) sha256=7b530c6a9f92c24300014919c9dcbc055bf4cdf51ec30aed099b06cd6674ef85
  pry (0.16.0) sha256=d76c69065698ed1f85e717bd33d7942c38a50868f6b0673c636192b3d1b6054e
  pry-bond (0.0.1) sha256=82fa1ac7974ddc88e49d8c081bab7c863ca3808865da6e828437525ef102e9ca
  pry-byebug (3.12.0) sha256=594e094ae8a8390a7ad4c7b36ae36e13304ed02664c67417d108dc5f7213d1b7
  pry-clipboard (0.1.1) sha256=d99111b1854848346decb73240cc8c243a11b1f4815f519608258ae33ad5ac19
  puma (8.0.2) sha256=c8ed871dfbbe66448ea9ffd46692342d9804d4071522b52b5331b7b6e7b686fb
  racc (1.8.1) sha256=4a7f6929691dbec8b5209a0b373bc2614882b55fc5d2e447a21aaa691303d62f
  rack (3.2.6) sha256=5ed78e1f73b2e25679bec7d45ee2d4483cc4146eb1be0264fc4d94cb5ef212c2
  rack-test (2.2.0) sha256=005a36692c306ac0b4a9350355ee080fd09ddef1148a5f8b2ac636c720f5c463
  rainbow (3.1.1) sha256=039491aa3a89f42efa1d6dec2fc4e62ede96eb6acd95e52f1ad581182b79bc6a
  rake (13.4.2) sha256=cb825b2bd5f1f8e91ca37bddb4b9aaf345551b4731da62949be002fa89283701
  rb-readline (0.5.5) sha256=9e9bd7e198bdef0822c46902f6c592b882c1f9777894a4c3dcf5b320824a8793
  rbs (4.0.3)
  regexp_parser (2.12.0) sha256=35a916a1d63190ab5c9009457136ae5f3c0c7512d60291d0d1378ba18ce08ebb
  reline (0.6.3) sha256=1198b04973565b36ec0f11542ab3f5cfeeec34823f4e54cebde90968092b1835
  reverse_markdown (3.0.2)
  rexml (3.4.4)
  roda (3.105.0) sha256=1273b4f84f606a32fd17114b92b345196d18e8afb07c4b75b873354a54bd6e35
  rspec (3.13.2) sha256=206284a08ad798e61f86d7ca3e376718d52c0bc944626b2349266f239f820587
  rspec-core (3.13.6) sha256=a8823c6411667b60a8bca135364351dda34cd55e44ff94c4be4633b37d828b2d
  rspec-expectations (3.13.5) sha256=33a4d3a1d95060aea4c94e9f237030a8f9eae5615e9bd85718fe3a09e4b58836
  rspec-mocks (3.13.8) sha256=086ad3d3d17533f4237643de0b5c42f04b66348c28bf6b9c2d3f4a3b01af1d47
  rspec-support (3.13.7) sha256=0640e5570872aafefd79867901deeeeb40b0c9875a36b983d85f54fb7381c47c
  rubocop (1.88.1) sha256=726af773d6bc169ed3ff852f3ca020b7c58d39c34e7a8d879a8e0147cc994f26
  rubocop-ast (1.49.1) sha256=4412f3ee70f6fe4546cc489548e0f6fcf76cafcfa80fa03af67098ffed755035
  rubocop-performance (1.26.1) sha256=cd19b936ff196df85829d264b522fd4f98b6c89ad271fa52744a8c11b8f71834
  ruby-progressbar (1.13.0) sha256=80fc9c47a9b640d6834e0dc7b3c94c9df37f08cb072b7761e4a71e22cff29b33
  ruby-time_range (0.1.0) sha256=b65ced6d20a7f1722afab83c2e89d6065565cfb1c2fc5088c3c13a5caff663d6
  rufo (0.18.2) sha256=f279bea838aae7cd51149413a2dfa3383044b1c93f1469ceaddd1ca3824fc46f
  settingslogic (2.0.9) sha256=5925a91d0d48dfb59a6e48ae2bb9c9b801fe6fab25a8e8d302ce8699d92f2ae6
  simplecov (0.22.0) sha256=fe2622c7834ff23b98066bb0a854284b2729a569ac659f82621fc22ef36213a5
  simplecov-html (0.13.2) sha256=bd0b8e54e7c2d7685927e8d6286466359b6f16b18cb0df47b508e8d73c777246
  simplecov_json_formatter (0.1.4) sha256=529418fbe8de1713ac2b2d612aa3daa56d316975d307244399fa4838c601b428
  solargraph (0.60.1)
  sorbet-runtime (0.6.13310)
  sord (7.1.0)
  thor (1.5.0)
  tilt (2.7.0)
  tsort (0.2.0)
  tzinfo (2.0.6) sha256=8daf828cc77bcf7d63b0e3bdb6caa47e2272dcfaf4fbfe46f8c3a9df087a829b
  tzinfo-data (1.2026.2) sha256=7db0d3d3d53b8d7601fc183fccc8c6d056a3004e14eb59ea995bf6aec4ae10bc
  unicode-display_width (3.2.0) sha256=0cdd96b5681a5949cdbc2c55e7b420facae74c4aaf9a9815eee1087cb1853c42
  unicode-emoji (4.2.0) sha256=519e69150f75652e40bf736106cfbc8f0f73aa3fb6a65afe62fefa7f80b0f80f
  yard (0.9.44)
  yard-activesupport-concern (0.0.1)
  yard-solargraph (0.1.0)

RUBY VERSION
  ruby 4.0.1

BUNDLED WITH
  4.0.3
